
Microsoft Visual Studio Solution File, Format Version 12.00
# Visual Studio Version 16
VisualStudioVersion = 16.0.30413.136
MinimumVisualStudioVersion = 10.0.40219.1
Project("{FAE04EC0-301F-11D3-BF4B-00C04F79EFBC}") = "SocialApp", "SocialApp\SocialApp\SocialApp.csproj", "{43DF94D7-0765-4E8F-B2EA-93F16621F4D6}"
EndProject
Project("{FAE04EC0-301F-11D3-BF4B-00C04F79EFBC}") = "SocialApp.Android", "SocialApp\SocialApp.Android\SocialApp.Android.csproj", "{3C4FD2AD-75F8-4312-B51E-D6C2497AF932}"
EndProject
Project("{FAE04EC0-301F-11D3-BF4B-00C04F79EFBC}") = "SocialApp.iOS", "SocialApp\SocialApp.iOS\SocialApp.iOS.csproj", "{551A2CDF-9BA1-497A-A4F1-63F373F1A8B7}"
EndProject
Global
	GlobalSection(SolutionConfigurationPlatforms) = preSolution
		Ad-Hoc|Any CPU = Ad-Hoc|Any CPU
		Ad-Hoc|iPhone = Ad-Hoc|iPhone
		Ad-Hoc|iPhoneSimulator = Ad-Hoc|iPhoneSimulator
		AppStore|Any CPU = AppStore|Any CPU
		AppStore|iPhone = AppStore|iPhone
		AppStore|iPhoneSimulator = AppStore|iPhoneSimulator
		Debug|Any CPU = Debug|Any CPU
		Debug|iPhone = Debug|iPhone
		Debug|iPhoneSimulator = Debug|iPhoneSimulator
		Release|Any CPU = Release|Any CPU
		Release|iPhone = Release|iPhone
		Release|iPhoneSimulator = Release|iPhoneSimulator
	EndGlobalSection
	GlobalSection(ProjectConfigurationPlatforms) = postSolution
		{43DF94D7-0765-4E8F-B2EA-93F16621F4D6}.Ad-Hoc|Any CPU.ActiveCfg = Debug|Any CPU
		{43DF94D7-0765-4E8F-B2EA-93F16621F4D6}.Ad-Hoc|Any CPU.Build.0 = Debug|Any CPU
		{43DF94D7-0765-4E8F-B2EA-93F16621F4D6}.Ad-Hoc|iPhone.ActiveCfg = Debug|Any CPU
		{43DF94D7-0765-4E8F-B2EA-93F16621F4D6}.Ad-Hoc|iPhone.Build.0 = Debug|Any CPU
		{43DF94D7-0765-4E8F-B2EA-93F16621F4D6}.Ad-Hoc|iPhoneSimulator.ActiveCfg = Debug|Any CPU
		{43DF94D7-0765-4E8F-B2EA-93F16621F4D6}.Ad-Hoc|iPhoneSimulator.Build.0 = Debug|Any CPU
		{43DF94D7-0765-4E8F-B2EA-93F16621F4D6}.AppStore|Any CPU.ActiveCfg = Debug|Any CPU
		{43DF94D7-0765-4E8F-B2EA-93F16621F4D6}.AppStore|Any CPU.Build.0 = Debug|Any CPU
		{43DF94D7-0765-4E8F-B2EA-93F16621F4D6}.AppStore|iPhone.ActiveCfg = Debug|Any CPU
		{43DF94D7-0765-4E8F-B2EA-93F16621F4D6}.AppStore|iPhone.Build.0 = Debug|Any CPU
		{43DF94D7-0765-4E8F-B2EA-93F16621F4D6}.AppStore|iPhoneSimulator.ActiveCfg = Debug|Any CPU
		{43DF94D7-0765-4E8F-B2EA-93F16621F4D6}.AppStore|iPhoneSimulator.Build.0 = Debug|Any CPU
		{43DF94D7-0765-4E8F-B2EA-93F16621F4D6}.Debug|Any CPU.ActiveCfg = Debug|Any CPU
		{43DF94D7-0765-4E8F-B2EA-93F16621F4D6}.Debug|Any CPU.Build.0 = Debug|Any CPU
		{43DF94D7-0765-4E8F-B2EA-93F16621F4D6}.Debug|iPhone.ActiveCfg = Debug|Any CPU
		{43DF94D7-0765-4E8F-B2EA-93F16621F4D6}.Debug|iPhone.Build.0 = Debug|Any CPU
		{43DF94D7-0765-4E8F-B2EA-93F16621F4D6}.Debug|iPhoneSimulator.ActiveCfg = Debug|Any CPU
		{43DF94D7-0765-4E8F-B2EA-93F16621F4D6}.Debug|iPhoneSimulator.Build.0 = Debug|Any CPU
		{43DF94D7-0765-4E8F-B2EA-93F16621F4D6}.Release|Any CPU.ActiveCfg = Release|Any CPU
		{43DF94D7-0765-4E8F-B2EA-93F16621F4D6}.Release|Any CPU.Build.0 = Release|Any CPU
		{43DF94D7-0765-4E8F-B2EA-93F16621F4D6}.Release|iPhone.ActiveCfg = Release|Any CPU
		{43DF94D7-0765-4E8F-B2EA-93F16621F4D6}.Release|iPhone.Build.0 = Release|Any CPU
		{43DF94D7-0765-4E8F-B2EA-93F16621F4D6}.Release|iPhoneSimulator.ActiveCfg = Release|Any CPU
		{43DF94D7-0765-4E8F-B2EA-93F16621F4D6}.Release|iPhoneSimulator.Build.0 = Release|Any CPU
		{3C4FD2AD-75F8-4312-B51E-D6C2497AF932}.Ad-Hoc|Any CPU.ActiveCfg = Release|Any CPU
		{3C4FD2AD-75F8-4312-B51E-D6C2497AF932}.Ad-Hoc|Any CPU.Build.0 = Release|Any CPU
		{3C4FD2AD-75F8-4312-B51E-D6C2497AF932}.Ad-Hoc|Any CPU.Deploy.0 = Release|Any CPU
		{3C4FD2AD-75F8-4312-B51E-D6C2497AF932}.Ad-Hoc|iPhone.ActiveCfg = Release|Any CPU
		{3C4FD2AD-75F8-4312-B51E-D6C2497AF932}.Ad-Hoc|iPhone.Build.0 = Release|Any CPU
		{3C4FD2AD-75F8-4312-B51E-D6C2497AF932}.Ad-Hoc|iPhone.Deploy.0 = Release|Any CPU
		{3C4FD2AD-75F8-4312-B51E-D6C2497AF932}.Ad-Hoc|iPhoneSimulator.ActiveCfg = Release|Any CPU
		{3C4FD2AD-75F8-4312-B51E-D6C2497AF932}.Ad-Hoc|iPhoneSimulator.Build.0 = Release|Any CPU
		{3C4FD2AD-75F8-4312-B51E-D6C2497AF932}.Ad-Hoc|iPhoneSimulator.Deploy.0 = Release|Any CPU
		{3C4FD2AD-75F8-4312-B51E-D6C2497AF932}.AppStore|Any CPU.ActiveCfg = Release|Any CPU
		{3C4FD2AD-75F8-4312-B51E-D6C2497AF932}.AppStore|Any CPU.Build.0 = Release|Any CPU
		{3C4FD2AD-75F8-4312-B51E-D6C2497AF932}.AppStore|Any CPU.Deploy.0 = Release|Any CPU
		{3C4FD2AD-75F8-4312-B51E-D6C2497AF932}.AppStore|iPhone.ActiveCfg = Release|Any CPU
		{3C4FD2AD-75F8-4312-B51E-D6C2497AF932}.AppStore|iPhone.Build.0 = Release|Any CPU
		{3C4FD2AD-75F8-4312-B51E-D6C2497AF932}.AppStore|iPhone.Deploy.0 = Release|Any CPU
		{3C4FD2AD-75F8-4312-B51E-D6C2497AF932}.AppStore|iPhoneSimulator.ActiveCfg = Release|Any CPU
		{3C4FD2AD-75F8-4312-B51E-D6C2497AF932}.AppStore|iPhoneSimulator.Build.0 = Release|Any CPU
		{3C4FD2AD-75F8-4312-B51E-D6C2497AF932}.AppStore|iPhoneSimulator.Deploy.0 = Release|Any CPU
		{3C4FD2AD-75F8-4312-B51E-D6C2497AF932}.Debug|Any CPU.ActiveCfg = Debug|Any CPU
		{3C4FD2AD-75F8-4312-B51E-D6C2497AF932}.Debug|Any CPU.Build.0 = Debug|Any CPU
		{3C4FD2AD-75F8-4312-B51E-D6C2497AF932}.Debug|Any CPU.Deploy.0 = Debug|Any CPU
		{3C4FD2AD-75F8-4312-B51E-D6C2497AF932}.Debug|iPhone.ActiveCfg = Debug|Any CPU
		{3C4FD2AD-75F8-4312-B51E-D6C2497AF932}.Debug|iPhone.Build.0 = Debug|Any CPU
		{3C4FD2AD-75F8-4312-B51E-D6C2497AF932}.Debug|iPhone.Deploy.0 = Debug|Any CPU
		{3C4FD2AD-75F8-4312-B51E-D6C2497AF932}.Debug|iPhoneSimulator.ActiveCfg = Debug|Any CPU
		{3C4FD2AD-75F8-4312-B51E-D6C2497AF932}.Debug|iPhoneSimulator.Build.0 = Debug|Any CPU
		{3C4FD2AD-75F8-4312-B51E-D6C2497AF932}.Debug|iPhoneSimulator.Deploy.0 = Debug|Any CPU
		{3C4FD2AD-75F8-4312-B51E-D6C2497AF932}.Release|Any CPU.ActiveCfg = Release|Any CPU
		{3C4FD2AD-75F8-4312-B51E-D6C2497AF932}.Release|Any CPU.Build.0 = Release|Any CPU
		{3C4FD2AD-75F8-4312-B51E-D6C2497AF932}.Release|Any CPU.Deploy.0 = Release|Any CPU
		{3C4FD2AD-75F8-4312-B51E-D6C2497AF932}.Release|iPhone.ActiveCfg = Release|Any CPU
		{3C4FD2AD-75F8-4312-B51E-D6C2497AF932}.Release|iPhone.Build.0 = Release|Any CPU
		{3C4FD2AD-75F8-4312-B51E-D6C2497AF932}.Release|iPhone.Deploy.0 = Release|Any CPU
		{3C4FD2AD-75F8-4312-B51E-D6C2497AF932}.Release|iPhoneSimulator.ActiveCfg = Release|Any CPU
		{3C4FD2AD-75F8-4312-B51E-D6C2497AF932}.Release|iPhoneSimulator.Build.0 = Release|Any CPU
		{3C4FD2AD-75F8-4312-B51E-D6C2497AF932}.Release|iPhoneSimulator.Deploy.0 = Release|Any CPU
		{551A2CDF-9BA1-497A-A4F1-63F373F1A8B7}.Ad-Hoc|Any CPU.ActiveCfg = Ad-Hoc|iPhone
		{551A2CDF-9BA1-497A-A4F1-63F373F1A8B7}.Ad-Hoc|iPhone.ActiveCfg = Ad-Hoc|iPhone
		{551A2CDF-9BA1-497A-A4F1-63F373F1A8B7}.Ad-Hoc|iPhone.Build.0 = Ad-Hoc|iPhone
		{551A2CDF-9BA1-497A-A4F1-63F373F1A8B7}.Ad-Hoc|iPhoneSimulator.ActiveCfg = Ad-Hoc|iPhoneSimulator
		{551A2CDF-9BA1-497A-A4F1-63F373F1A8B7}.Ad-Hoc|iPhoneSimulator.Build.0 = Ad-Hoc|iPhoneSimulator
		{551A2CDF-9BA1-497A-A4F1-63F373F1A8B7}.AppStore|Any CPU.ActiveCfg = AppStore|iPhone
		{551A2CDF-9BA1-497A-A4F1-63F373F1A8B7}.AppStore|iPhone.ActiveCfg = AppStore|iPhone
		{551A2CDF-9BA1-497A-A4F1-63F373F1A8B7}.AppStore|iPhone.Build.0 = AppStore|iPhone
		{551A2CDF-9BA1-497A-A4F1-63F373F1A8B7}.AppStore|iPhoneSimulator.ActiveCfg = AppStore|iPhoneSimulator
		{551A2CDF-9BA1-497A-A4F1-63F373F1A8B7}.AppStore|iPhoneSimulator.Build.0 = AppStore|iPhoneSimulator
		{551A2CDF-9BA1-497A-A4F1-63F373F1A8B7}.Debug|Any CPU.ActiveCfg = Debug|iPhone
		{551A2CDF-9BA1-497A-A4F1-63F373F1A8B7}.Debug|iPhone.ActiveCfg = Debug|iPhone
		{551A2CDF-9BA1-497A-A4F1-63F373F1A8B7}.Debug|iPhone.Build.0 = Debug|iPhone
		{551A2CDF-9BA1-497A-A4F1-63F373F1A8B7}.Debug|iPhoneSimulator.ActiveCfg = Debug|iPhoneSimulator
		{551A2CDF-9BA1-497A-A4F1-63F373F1A8B7}.Debug|iPhoneSimulator.Build.0 = Debug|iPhoneSimulator
		{551A2CDF-9BA1-497A-A4F1-63F373F1A8B7}.Release|Any CPU.ActiveCfg = Release|iPhone
		{551A2CDF-9BA1-497A-A4F1-63F373F1A8B7}.Release|iPhone.ActiveCfg = Release|iPhone
		{551A2CDF-9BA1-497A-A4F1-63F373F1A8B7}.Release|iPhone.Build.0 = Release|iPhone
		{551A2CDF-9BA1-497A-A4F1-63F373F1A8B7}.Release|iPhoneSimulator.ActiveCfg = Release|iPhoneSimulator
		{551A2CDF-9BA1-497A-A4F1-63F373F1A8B7}.Release|iPhoneSimulator.Build.0 = Release|iPhoneSimulator
	EndGlobalSection
	GlobalSection(SolutionProperties) = preSolution
		HideSolutionNode = FALSE
	EndGlobalSection
	GlobalSection(ExtensibilityGlobals) = postSolution
		SolutionGuid = {155160B0-8C2F-4137-968E-393ABCE070A5}
	EndGlobalSection
EndGlobal
